
Microsoft Visual Studio Solution File, Format Version 12.00
# Visual Studio Version 17
VisualStudioVersion = 17.0.32014.148
MinimumVisualStudioVersion = 10.0.40219.1
Project("{9A19103F-16F7-4668-BE54-9A1E7A4F7556}") = "Plag.Frontend.Common", "src\Plag.Common\Plag.Frontend.Common.csproj", "{277271A3-95DF-4395-B4DB-F9165DEBF665}"
EndProject
Project("{9A19103F-16F7-4668-BE54-9A1E7A4F7556}") = "Plag.Frontend.Cpp", "src\Plag.Frontend.Cpp\Plag.Frontend.Cpp.csproj", "{72A19AF5-CC55-43E7-866B-BECD115E1BAB}"
EndProject
Project("{2150E333-8FDC-42A3-9474-1A3956D46DE8}") = "src", "src", "{C6B49B4C-FEB2-477D-986D-F2216E34BA9C}"
EndProject
Project("{2150E333-8FDC-42A3-9474-1A3956D46DE8}") = "test", "test", "{47AFCF7A-6593-4310-9130-9B4B9C76E3C6}"
EndProject
Project("{9A19103F-16F7-4668-BE54-9A1E7A4F7556}") = "Plag.Frontend.Cpp.Tests", "test\Plag.Frontend.Cpp.Tests\Plag.Frontend.Cpp.Tests.csproj", "{D1A66847-CCC9-42B8-8561-F56193713779}"
EndProject
Project("{9A19103F-16F7-4668-BE54-9A1E7A4F7556}") = "Plag.Frontend.Algorithm", "src\Plag.Algorithm\Plag.Frontend.Algorithm.csproj", "{E3F83E45-C17E-4650-B183-84DC49694313}"
EndProject
Project("{9A19103F-16F7-4668-BE54-9A1E7A4F7556}") = "Plag.Integration.Tests", "test\Plag.Integration.Tests\Plag.Integration.Tests.csproj", "{25AC206E-A875-4BBB-91CD-E251035A352E}"
EndProject
Project("{9A19103F-16F7-4668-BE54-9A1E7A4F7556}") = "Plag.Frontend.Java", "src\Plag.Frontend.Java\Plag.Frontend.Java.csproj", "{DB062599-617E-4602-902B-E6009025F12E}"
EndProject
Project("{9A19103F-16F7-4668-BE54-9A1E7A4F7556}") = "Plag.Frontend.Java.Tests", "test\Plag.Frontend.Java.Tests\Plag.Frontend.Java.Tests.csproj", "{6DAE4A2C-A411-48FB-9346-F95871659EFE}"
EndProject
Project("{9A19103F-16F7-4668-BE54-9A1E7A4F7556}") = "Plag.Frontend.Python", "src\Plag.Frontend.Python\Plag.Frontend.Python.csproj", "{2E0D1C5B-E7BC-49DE-A251-A8B0487413AB}"
EndProject
Project("{9A19103F-16F7-4668-BE54-9A1E7A4F7556}") = "Plag.Frontend.Python.Tests", "test\Plag.Frontend.Python.Tests\Plag.Frontend.Python.Tests.csproj", "{B48F4E46-DF66-425A-8D44-A296BB4A0F28}"
EndProject
Project("{9A19103F-16F7-4668-BE54-9A1E7A4F7556}") = "Plag.Frontend.Csharp", "src\Plag.Frontend.Csharp\Plag.Frontend.Csharp.csproj", "{00768907-E025-4074-ACD4-ECB2B542293F}"
EndProject
Project("{9A19103F-16F7-4668-BE54-9A1E7A4F7556}") = "Plag.Frontend.Csharp.Tests", "test\Plag.Frontend.Csharp.Tests\Plag.Frontend.Csharp.Tests.csproj", "{9BAF815F-3109-4A0C-A26E-A22498009C2F}"
EndProject
Project("{9A19103F-16F7-4668-BE54-9A1E7A4F7556}") = "SatelliteSite.PlagModule", "src\Extensions.PlagModule\SatelliteSite.PlagModule.csproj", "{92B561DE-2209-412B-B965-A513A519E74D}"
EndProject
Project("{2150E333-8FDC-42A3-9474-1A3956D46DE8}") = "build", "build", "{AB36A2E1-C967-43C9-91DD-CA423B2A0F2C}"
	ProjectSection(SolutionItems) = preProject
		.dockerignore = .dockerignore
		.gitattributes = .gitattributes
		.gitignore = .gitignore
		build\antlr-4.8.jar = build\antlr-4.8.jar
		build\Antlr4.Generation.targets = build\Antlr4.Generation.targets
		azure-pipelines.yml = azure-pipelines.yml
		Directory.Build.props = Directory.Build.props
		docker-compose.yml.sample = docker-compose.yml.sample
		Dockerfile = Dockerfile
		LICENSE.backend = LICENSE.backend
		LICENSE.frontend = LICENSE.frontend
		LICENSE.module = LICENSE.module
		NuGet.config = NuGet.config
		build\NugetPackage.Backend.props = build\NugetPackage.Backend.props
		build\NugetPackage.Common.props = build\NugetPackage.Common.props
		build\NugetPackage.Frontend.props = build\NugetPackage.Frontend.props
		build\NugetPackage.props = build\NugetPackage.props
		README.md = README.md
	EndProjectSection
EndProject
Project("{9A19103F-16F7-4668-BE54-9A1E7A4F7556}") = "Plag.Backend.Generation", "src\Plag.Backend.Generation\Plag.Backend.Generation.csproj", "{B0EBA7B1-D86B-49B7-95A1-EE40671CED97}"
EndProject
Project("{9A19103F-16F7-4668-BE54-9A1E7A4F7556}") = "Plag.Backend.Abstraction", "src\Plag.Backend.Abstraction\Plag.Backend.Abstraction.csproj", "{32BB1DBB-A05A-4216-89AB-B74692F06CD6}"
EndProject
Project("{9A19103F-16F7-4668-BE54-9A1E7A4F7556}") = "Plag.Backend.Roles.Storage", "src\Plag.Backend.Roles.Storage\Plag.Backend.Roles.Storage.csproj", "{2FA16CE4-2147-4A52-B851-DE96673CB0C9}"
EndProject
Project("{9A19103F-16F7-4668-BE54-9A1E7A4F7556}") = "Plag.Backend.Roles.Rest", "src\Plag.Backend.Roles.Rest\Plag.Backend.Roles.Rest.csproj", "{09ED3EBF-60FC-404D-BCA7-90CCB903F9DD}"
EndProject
Project("{9A19103F-16F7-4668-BE54-9A1E7A4F7556}") = "SatelliteSite.Host", "src\Host\SatelliteSite.Host.csproj", "{D33530E8-95EE-4041-9080-5D5017D8E8BA}"
EndProject
Project("{9A19103F-16F7-4668-BE54-9A1E7A4F7556}") = "Plag.Backend.Relational.Tests", "test\Plag.Backend.EFCore.Tests\Plag.Backend.Relational.Tests.csproj", "{E7F3BA09-7304-4B64-A60E-CA38B5D0A598}"
EndProject
Project("{9A19103F-16F7-4668-BE54-9A1E7A4F7556}") = "SatelliteSite.Migrations", "src\Migrations\SatelliteSite.Migrations.csproj", "{D2010F2C-8C21-480D-A073-B603373B8F24}"
EndProject
Project("{9092AA53-FB77-4645-B42D-1CCCA6BD08BD}") = "Plag.UI.React", "src\React.UI\Plag.UI.React.njsproj", "{E6E22E00-7C6C-4B45-8DB8-79C0A2A869C1}"
EndProject
Project("{9A19103F-16F7-4668-BE54-9A1E7A4F7556}") = "Plag.Backend.Roles.Cosmos", "src\Plag.Backend.Roles.Cosmos\Plag.Backend.Roles.Cosmos.csproj", "{3E6C9E31-1A14-402A-8E87-AE4A9C1799C1}"
EndProject
Project("{9A19103F-16F7-4668-BE54-9A1E7A4F7556}") = "Plag.Backend.Worker", "src\Plag.Backend.Worker\Plag.Backend.Worker.csproj", "{E3B6E42C-ADD1-44F3-A4D8-183B39A37927}"
EndProject
Global
	GlobalSection(SolutionConfigurationPlatforms) = preSolution
		Debug|Any CPU = Debug|Any CPU
		Release|Any CPU = Release|Any CPU
	EndGlobalSection
	GlobalSection(ProjectConfigurationPlatforms) = postSolution
		{277271A3-95DF-4395-B4DB-F9165DEBF665}.Debug|Any CPU.ActiveCfg = Debug|Any CPU
		{277271A3-95DF-4395-B4DB-F9165DEBF665}.Debug|Any CPU.Build.0 = Debug|Any CPU
		{277271A3-95DF-4395-B4DB-F9165DEBF665}.Release|Any CPU.ActiveCfg = Release|Any CPU
		{277271A3-95DF-4395-B4DB-F9165DEBF665}.Release|Any CPU.Build.0 = Release|Any CPU
		{72A19AF5-CC55-43E7-866B-BECD115E1BAB}.Debug|Any CPU.ActiveCfg = Debug|Any CPU
		{72A19AF5-CC55-43E7-866B-BECD115E1BAB}.Debug|Any CPU.Build.0 = Debug|Any CPU
		{72A19AF5-CC55-43E7-866B-BECD115E1BAB}.Release|Any CPU.ActiveCfg = Release|Any CPU
		{72A19AF5-CC55-43E7-866B-BECD115E1BAB}.Release|Any CPU.Build.0 = Release|Any CPU
		{D1A66847-CCC9-42B8-8561-F56193713779}.Debug|Any CPU.ActiveCfg = Debug|Any CPU
		{D1A66847-CCC9-42B8-8561-F56193713779}.Debug|Any CPU.Build.0 = Debug|Any CPU
		{D1A66847-CCC9-42B8-8561-F56193713779}.Release|Any CPU.ActiveCfg = Release|Any CPU
		{D1A66847-CCC9-42B8-8561-F56193713779}.Release|Any CPU.Build.0 = Release|Any CPU
		{E3F83E45-C17E-4650-B183-84DC49694313}.Debug|Any CPU.ActiveCfg = Debug|Any CPU
		{E3F83E45-C17E-4650-B183-84DC49694313}.Debug|Any CPU.Build.0 = Debug|Any CPU
		{E3F83E45-C17E-4650-B183-84DC49694313}.Release|Any CPU.ActiveCfg = Release|Any CPU
		{E3F83E45-C17E-4650-B183-84DC49694313}.Release|Any CPU.Build.0 = Release|Any CPU
		{25AC206E-A875-4BBB-91CD-E251035A352E}.Debug|Any CPU.ActiveCfg = Debug|Any CPU
		{25AC206E-A875-4BBB-91CD-E251035A352E}.Debug|Any CPU.Build.0 = Debug|Any CPU
		{25AC206E-A875-4BBB-91CD-E251035A352E}.Release|Any CPU.ActiveCfg = Release|Any CPU
		{25AC206E-A875-4BBB-91CD-E251035A352E}.Release|Any CPU.Build.0 = Release|Any CPU
		{DB062599-617E-4602-902B-E6009025F12E}.Debug|Any CPU.ActiveCfg = Debug|Any CPU
		{DB062599-617E-4602-902B-E6009025F12E}.Debug|Any CPU.Build.0 = Debug|Any CPU
		{DB062599-617E-4602-902B-E6009025F12E}.Release|Any CPU.ActiveCfg = Release|Any CPU
		{DB062599-617E-4602-902B-E6009025F12E}.Release|Any CPU.Build.0 = Release|Any CPU
		{6DAE4A2C-A411-48FB-9346-F95871659EFE}.Debug|Any CPU.ActiveCfg = Debug|Any CPU
		{6DAE4A2C-A411-48FB-9346-F95871659EFE}.Debug|Any CPU.Build.0 = Debug|Any CPU
		{6DAE4A2C-A411-48FB-9346-F95871659EFE}.Release|Any CPU.ActiveCfg = Release|Any CPU
		{6DAE4A2C-A411-48FB-9346-F95871659EFE}.Release|Any CPU.Build.0 = Release|Any CPU
		{2E0D1C5B-E7BC-49DE-A251-A8B0487413AB}.Debug|Any CPU.ActiveCfg = Debug|Any CPU
		{2E0D1C5B-E7BC-49DE-A251-A8B0487413AB}.Debug|Any CPU.Build.0 = Debug|Any CPU
		{2E0D1C5B-E7BC-49DE-A251-A8B0487413AB}.Release|Any CPU.ActiveCfg = Release|Any CPU
		{2E0D1C5B-E7BC-49DE-A251-A8B0487413AB}.Release|Any CPU.Build.0 = Release|Any CPU
		{B48F4E46-DF66-425A-8D44-A296BB4A0F28}.Debug|Any CPU.ActiveCfg = Debug|Any CPU
		{B48F4E46-DF66-425A-8D44-A296BB4A0F28}.Debug|Any CPU.Build.0 = Debug|Any CPU
		{B48F4E46-DF66-425A-8D44-A296BB4A0F28}.Release|Any CPU.ActiveCfg = Release|Any CPU
		{B48F4E46-DF66-425A-8D44-A296BB4A0F28}.Release|Any CPU.Build.0 = Release|Any CPU
		{00768907-E025-4074-ACD4-ECB2B542293F}.Debug|Any CPU.ActiveCfg = Debug|Any CPU
		{00768907-E025-4074-ACD4-ECB2B542293F}.Debug|Any CPU.Build.0 = Debug|Any CPU
		{00768907-E025-4074-ACD4-ECB2B542293F}.Release|Any CPU.ActiveCfg = Release|Any CPU
		{00768907-E025-4074-ACD4-ECB2B542293F}.Release|Any CPU.Build.0 = Release|Any CPU
		{9BAF815F-3109-4A0C-A26E-A22498009C2F}.Debug|Any CPU.ActiveCfg = Debug|Any CPU
		{9BAF815F-3109-4A0C-A26E-A22498009C2F}.Debug|Any CPU.Build.0 = Debug|Any CPU
		{9BAF815F-3109-4A0C-A26E-A22498009C2F}.Release|Any CPU.ActiveCfg = Release|Any CPU
		{9BAF815F-3109-4A0C-A26E-A22498009C2F}.Release|Any CPU.Build.0 = Release|Any CPU
		{92B561DE-2209-412B-B965-A513A519E74D}.Debug|Any CPU.ActiveCfg = Debug|Any CPU
		{92B561DE-2209-412B-B965-A513A519E74D}.Debug|Any CPU.Build.0 = Debug|Any CPU
		{92B561DE-2209-412B-B965-A513A519E74D}.Release|Any CPU.ActiveCfg = Release|Any CPU
		{92B561DE-2209-412B-B965-A513A519E74D}.Release|Any CPU.Build.0 = Release|Any CPU
		{B0EBA7B1-D86B-49B7-95A1-EE40671CED97}.Debug|Any CPU.ActiveCfg = Debug|Any CPU
		{B0EBA7B1-D86B-49B7-95A1-EE40671CED97}.Debug|Any CPU.Build.0 = Debug|Any CPU
		{B0EBA7B1-D86B-49B7-95A1-EE40671CED97}.Release|Any CPU.ActiveCfg = Release|Any CPU
		{B0EBA7B1-D86B-49B7-95A1-EE40671CED97}.Release|Any CPU.Build.0 = Release|Any CPU
		{32BB1DBB-A05A-4216-89AB-B74692F06CD6}.Debug|Any CPU.ActiveCfg = Debug|Any CPU
		{32BB1DBB-A05A-4216-89AB-B74692F06CD6}.Debug|Any CPU.Build.0 = Debug|Any CPU
		{32BB1DBB-A05A-4216-89AB-B74692F06CD6}.Release|Any CPU.ActiveCfg = Release|Any CPU
		{32BB1DBB-A05A-4216-89AB-B74692F06CD6}.Release|Any CPU.Build.0 = Release|Any CPU
		{2FA16CE4-2147-4A52-B851-DE96673CB0C9}.Debug|Any CPU.ActiveCfg = Debug|Any CPU
		{2FA16CE4-2147-4A52-B851-DE96673CB0C9}.Debug|Any CPU.Build.0 = Debug|Any CPU
		{2FA16CE4-2147-4A52-B851-DE96673CB0C9}.Release|Any CPU.ActiveCfg = Release|Any CPU
		{2FA16CE4-2147-4A52-B851-DE96673CB0C9}.Release|Any CPU.Build.0 = Release|Any CPU
		{09ED3EBF-60FC-404D-BCA7-90CCB903F9DD}.Debug|Any CPU.ActiveCfg = Debug|Any CPU
		{09ED3EBF-60FC-404D-BCA7-90CCB903F9DD}.Debug|Any CPU.Build.0 = Debug|Any CPU
		{09ED3EBF-60FC-404D-BCA7-90CCB903F9DD}.Release|Any CPU.ActiveCfg = Release|Any CPU
		{09ED3EBF-60FC-404D-BCA7-90CCB903F9DD}.Release|Any CPU.Build.0 = Release|Any CPU
		{D33530E8-95EE-4041-9080-5D5017D8E8BA}.Debug|Any CPU.ActiveCfg = Debug|Any CPU
		{D33530E8-95EE-4041-9080-5D5017D8E8BA}.Debug|Any CPU.Build.0 = Debug|Any CPU
		{D33530E8-95EE-4041-9080-5D5017D8E8BA}.Release|Any CPU.ActiveCfg = Release|Any CPU
		{D33530E8-95EE-4041-9080-5D5017D8E8BA}.Release|Any CPU.Build.0 = Release|Any CPU
		{E7F3BA09-7304-4B64-A60E-CA38B5D0A598}.Debug|Any CPU.ActiveCfg = Debug|Any CPU
		{E7F3BA09-7304-4B64-A60E-CA38B5D0A598}.Debug|Any CPU.Build.0 = Debug|Any CPU
		{E7F3BA09-7304-4B64-A60E-CA38B5D0A598}.Release|Any CPU.ActiveCfg = Release|Any CPU
		{E7F3BA09-7304-4B64-A60E-CA38B5D0A598}.Release|Any CPU.Build.0 = Release|Any CPU
		{D2010F2C-8C21-480D-A073-B603373B8F24}.Debug|Any CPU.ActiveCfg = Debug|Any CPU
		{D2010F2C-8C21-480D-A073-B603373B8F24}.Debug|Any CPU.Build.0 = Debug|Any CPU
		{D2010F2C-8C21-480D-A073-B603373B8F24}.Release|Any CPU.ActiveCfg = Release|Any CPU
		{D2010F2C-8C21-480D-A073-B603373B8F24}.Release|Any CPU.Build.0 = Release|Any CPU
		{E6E22E00-7C6C-4B45-8DB8-79C0A2A869C1}.Debug|Any CPU.ActiveCfg = Debug|Any CPU
		{E6E22E00-7C6C-4B45-8DB8-79C0A2A869C1}.Release|Any CPU.ActiveCfg = Release|Any CPU
		{3E6C9E31-1A14-402A-8E87-AE4A9C1799C1}.Debug|Any CPU.ActiveCfg = Debug|Any CPU
		{3E6C9E31-1A14-402A-8E87-AE4A9C1799C1}.Debug|Any CPU.Build.0 = Debug|Any CPU
		{3E6C9E31-1A14-402A-8E87-AE4A9C1799C1}.Release|Any CPU.ActiveCfg = Release|Any CPU
		{3E6C9E31-1A14-402A-8E87-AE4A9C1799C1}.Release|Any CPU.Build.0 = Release|Any CPU
		{E3B6E42C-ADD1-44F3-A4D8-183B39A37927}.Debug|Any CPU.ActiveCfg = Debug|Any CPU
		{E3B6E42C-ADD1-44F3-A4D8-183B39A37927}.Debug|Any CPU.Build.0 = Debug|Any CPU
		{E3B6E42C-ADD1-44F3-A4D8-183B39A37927}.Release|Any CPU.ActiveCfg = Release|Any CPU
		{E3B6E42C-ADD1-44F3-A4D8-183B39A37927}.Release|Any CPU.Build.0 = Release|Any CPU
	EndGlobalSection
	GlobalSection(SolutionProperties) = preSolution
		HideSolutionNode = FALSE
	EndGlobalSection
	GlobalSection(NestedProjects) = preSolution
		{277271A3-95DF-4395-B4DB-F9165DEBF665} = {C6B49B4C-FEB2-477D-986D-F2216E34BA9C}
		{72A19AF5-CC55-43E7-866B-BECD115E1BAB} = {C6B49B4C-FEB2-477D-986D-F2216E34BA9C}
		{D1A66847-CCC9-42B8-8561-F56193713779} = {47AFCF7A-6593-4310-9130-9B4B9C76E3C6}
		{E3F83E45-C17E-4650-B183-84DC49694313} = {C6B49B4C-FEB2-477D-986D-F2216E34BA9C}
		{25AC206E-A875-4BBB-91CD-E251035A352E} = {47AFCF7A-6593-4310-9130-9B4B9C76E3C6}
		{DB062599-617E-4602-902B-E6009025F12E} = {C6B49B4C-FEB2-477D-986D-F2216E34BA9C}
		{6DAE4A2C-A411-48FB-9346-F95871659EFE} = {47AFCF7A-6593-4310-9130-9B4B9C76E3C6}
		{2E0D1C5B-E7BC-49DE-A251-A8B0487413AB} = {C6B49B4C-FEB2-477D-986D-F2216E34BA9C}
		{B48F4E46-DF66-425A-8D44-A296BB4A0F28} = {47AFCF7A-6593-4310-9130-9B4B9C76E3C6}
		{00768907-E025-4074-ACD4-ECB2B542293F} = {C6B49B4C-FEB2-477D-986D-F2216E34BA9C}
		{9BAF815F-3109-4A0C-A26E-A22498009C2F} = {47AFCF7A-6593-4310-9130-9B4B9C76E3C6}
		{92B561DE-2209-412B-B965-A513A519E74D} = {C6B49B4C-FEB2-477D-986D-F2216E34BA9C}
		{B0EBA7B1-D86B-49B7-95A1-EE40671CED97} = {C6B49B4C-FEB2-477D-986D-F2216E34BA9C}
		{32BB1DBB-A05A-4216-89AB-B74692F06CD6} = {C6B49B4C-FEB2-477D-986D-F2216E34BA9C}
		{2FA16CE4-2147-4A52-B851-DE96673CB0C9} = {C6B49B4C-FEB2-477D-986D-F2216E34BA9C}
		{09ED3EBF-60FC-404D-BCA7-90CCB903F9DD} = {C6B49B4C-FEB2-477D-986D-F2216E34BA9C}
		{D33530E8-95EE-4041-9080-5D5017D8E8BA} = {C6B49B4C-FEB2-477D-986D-F2216E34BA9C}
		{E7F3BA09-7304-4B64-A60E-CA38B5D0A598} = {47AFCF7A-6593-4310-9130-9B4B9C76E3C6}
		{D2010F2C-8C21-480D-A073-B603373B8F24} = {C6B49B4C-FEB2-477D-986D-F2216E34BA9C}
		{E6E22E00-7C6C-4B45-8DB8-79C0A2A869C1} = {C6B49B4C-FEB2-477D-986D-F2216E34BA9C}
		{3E6C9E31-1A14-402A-8E87-AE4A9C1799C1} = {C6B49B4C-FEB2-477D-986D-F2216E34BA9C}
		{E3B6E42C-ADD1-44F3-A4D8-183B39A37927} = {C6B49B4C-FEB2-477D-986D-F2216E34BA9C}
	EndGlobalSection
	GlobalSection(ExtensibilityGlobals) = postSolution
		SolutionGuid = {2AA9BAB4-9C10-43E7-8722-DEBB04D9924A}
	EndGlobalSection
EndGlobal
