
Microsoft Visual Studio Solution File, Format Version 12.00
# Visual Studio Version 16
VisualStudioVersion = 16.0.30011.22
MinimumVisualStudioVersion = 10.0.40219.1
Project("{9A19103F-16F7-4668-BE54-9A1E7A4F7556}") = "SatelliteSite", "src\SatelliteSite\SatelliteSite.csproj", "{54B78B4D-6059-439B-86BB-69B8E61C0A44}"
EndProject
Project("{9A19103F-16F7-4668-BE54-9A1E7A4F7556}") = "Plag.Common", "src\Plag.Common\Plag.Common.csproj", "{277271A3-95DF-4395-B4DB-F9165DEBF665}"
EndProject
Project("{9A19103F-16F7-4668-BE54-9A1E7A4F7556}") = "Plag.Frontend.Cpp", "src\Plag.Frontend.Cpp\Plag.Frontend.Cpp.csproj", "{72A19AF5-CC55-43E7-866B-BECD115E1BAB}"
EndProject
Project("{2150E333-8FDC-42A3-9474-1A3956D46DE8}") = "src", "src", "{C6B49B4C-FEB2-477D-986D-F2216E34BA9C}"
EndProject
Project("{2150E333-8FDC-42A3-9474-1A3956D46DE8}") = "test", "test", "{47AFCF7A-6593-4310-9130-9B4B9C76E3C6}"
EndProject
Project("{9A19103F-16F7-4668-BE54-9A1E7A4F7556}") = "Plag.Frontend.Cpp.Tests", "test\Plag.Frontend.Cpp.Tests\Plag.Frontend.Cpp.Tests.csproj", "{D1A66847-CCC9-42B8-8561-F56193713779}"
EndProject
Project("{9A19103F-16F7-4668-BE54-9A1E7A4F7556}") = "Plag.Algorithm", "src\Plag.Algorithm\Plag.Algorithm.csproj", "{E3F83E45-C17E-4650-B183-84DC49694313}"
EndProject
Project("{9A19103F-16F7-4668-BE54-9A1E7A4F7556}") = "Plag.Integration.Tests", "test\Plag.Integration.Tests\Plag.Integration.Tests.csproj", "{25AC206E-A875-4BBB-91CD-E251035A352E}"
EndProject
Project("{9A19103F-16F7-4668-BE54-9A1E7A4F7556}") = "Plag.Frontend.Java", "src\Plag.Frontend.Java\Plag.Frontend.Java.csproj", "{DB062599-617E-4602-902B-E6009025F12E}"
EndProject
Project("{9A19103F-16F7-4668-BE54-9A1E7A4F7556}") = "Plag.Frontend.Java.Tests", "test\Plag.Frontend.Java.Tests\Plag.Frontend.Java.Tests.csproj", "{6DAE4A2C-A411-48FB-9346-F95871659EFE}"
EndProject
Project("{9A19103F-16F7-4668-BE54-9A1E7A4F7556}") = "Plag.Frontend.Python", "src\Plag.Frontend.Python\Plag.Frontend.Python.csproj", "{2E0D1C5B-E7BC-49DE-A251-A8B0487413AB}"
EndProject
Project("{9A19103F-16F7-4668-BE54-9A1E7A4F7556}") = "Plag.Frontend.Python.Tests", "test\Plag.Frontend.Python.Tests\Plag.Frontend.Python.Tests.csproj", "{B48F4E46-DF66-425A-8D44-A296BB4A0F28}"
EndProject
Project("{9A19103F-16F7-4668-BE54-9A1E7A4F7556}") = "Plag.Frontend.Csharp", "src\Plag.Frontend.Csharp\Plag.Frontend.Csharp.csproj", "{00768907-E025-4074-ACD4-ECB2B542293F}"
EndProject
Project("{9A19103F-16F7-4668-BE54-9A1E7A4F7556}") = "Plag.Frontend.Csharp.Tests", "test\Plag.Frontend.Csharp.Tests\Plag.Frontend.Csharp.Tests.csproj", "{9BAF815F-3109-4A0C-A26E-A22498009C2F}"
EndProject
Project("{9A19103F-16F7-4668-BE54-9A1E7A4F7556}") = "Frontend.Mvc", "src\Frontend.Mvc\Frontend.Mvc.csproj", "{C90D511D-8ED9-46F3-80E0-A008F1A717B2}"
EndProject
Project("{9A19103F-16F7-4668-BE54-9A1E7A4F7556}") = "Data.Abstraction", "src\Data.Abstraction\Data.Abstraction.csproj", "{6CB23582-887D-43E3-A67D-496256552B72}"
EndProject
Project("{2150E333-8FDC-42A3-9474-1A3956D46DE8}") = "build", "build", "{AB36A2E1-C967-43C9-91DD-CA423B2A0F2C}"
	ProjectSection(SolutionItems) = preProject
		build\antlr-4.8.jar = build\antlr-4.8.jar
		build\Antlr4.Generation.targets = build\Antlr4.Generation.targets
	EndProjectSection
EndProject
Global
	GlobalSection(SolutionConfigurationPlatforms) = preSolution
		Debug|Any CPU = Debug|Any CPU
		Release|Any CPU = Release|Any CPU
	EndGlobalSection
	GlobalSection(ProjectConfigurationPlatforms) = postSolution
		{54B78B4D-6059-439B-86BB-69B8E61C0A44}.Debug|Any CPU.ActiveCfg = Debug|Any CPU
		{54B78B4D-6059-439B-86BB-69B8E61C0A44}.Debug|Any CPU.Build.0 = Debug|Any CPU
		{54B78B4D-6059-439B-86BB-69B8E61C0A44}.Release|Any CPU.ActiveCfg = Release|Any CPU
		{54B78B4D-6059-439B-86BB-69B8E61C0A44}.Release|Any CPU.Build.0 = Release|Any CPU
		{277271A3-95DF-4395-B4DB-F9165DEBF665}.Debug|Any CPU.ActiveCfg = Debug|Any CPU
		{277271A3-95DF-4395-B4DB-F9165DEBF665}.Debug|Any CPU.Build.0 = Debug|Any CPU
		{277271A3-95DF-4395-B4DB-F9165DEBF665}.Release|Any CPU.ActiveCfg = Release|Any CPU
		{277271A3-95DF-4395-B4DB-F9165DEBF665}.Release|Any CPU.Build.0 = Release|Any CPU
		{72A19AF5-CC55-43E7-866B-BECD115E1BAB}.Debug|Any CPU.ActiveCfg = Debug|Any CPU
		{72A19AF5-CC55-43E7-866B-BECD115E1BAB}.Debug|Any CPU.Build.0 = Debug|Any CPU
		{72A19AF5-CC55-43E7-866B-BECD115E1BAB}.Release|Any CPU.ActiveCfg = Release|Any CPU
		{72A19AF5-CC55-43E7-866B-BECD115E1BAB}.Release|Any CPU.Build.0 = Release|Any CPU
		{D1A66847-CCC9-42B8-8561-F56193713779}.Debug|Any CPU.ActiveCfg = Debug|Any CPU
		{D1A66847-CCC9-42B8-8561-F56193713779}.Debug|Any CPU.Build.0 = Debug|Any CPU
		{D1A66847-CCC9-42B8-8561-F56193713779}.Release|Any CPU.ActiveCfg = Release|Any CPU
		{D1A66847-CCC9-42B8-8561-F56193713779}.Release|Any CPU.Build.0 = Release|Any CPU
		{E3F83E45-C17E-4650-B183-84DC49694313}.Debug|Any CPU.ActiveCfg = Debug|Any CPU
		{E3F83E45-C17E-4650-B183-84DC49694313}.Debug|Any CPU.Build.0 = Debug|Any CPU
		{E3F83E45-C17E-4650-B183-84DC49694313}.Release|Any CPU.ActiveCfg = Release|Any CPU
		{E3F83E45-C17E-4650-B183-84DC49694313}.Release|Any CPU.Build.0 = Release|Any CPU
		{25AC206E-A875-4BBB-91CD-E251035A352E}.Debug|Any CPU.ActiveCfg = Debug|Any CPU
		{25AC206E-A875-4BBB-91CD-E251035A352E}.Debug|Any CPU.Build.0 = Debug|Any CPU
		{25AC206E-A875-4BBB-91CD-E251035A352E}.Release|Any CPU.ActiveCfg = Release|Any CPU
		{25AC206E-A875-4BBB-91CD-E251035A352E}.Release|Any CPU.Build.0 = Release|Any CPU
		{DB062599-617E-4602-902B-E6009025F12E}.Debug|Any CPU.ActiveCfg = Debug|Any CPU
		{DB062599-617E-4602-902B-E6009025F12E}.Debug|Any CPU.Build.0 = Debug|Any CPU
		{DB062599-617E-4602-902B-E6009025F12E}.Release|Any CPU.ActiveCfg = Release|Any CPU
		{DB062599-617E-4602-902B-E6009025F12E}.Release|Any CPU.Build.0 = Release|Any CPU
		{6DAE4A2C-A411-48FB-9346-F95871659EFE}.Debug|Any CPU.ActiveCfg = Debug|Any CPU
		{6DAE4A2C-A411-48FB-9346-F95871659EFE}.Debug|Any CPU.Build.0 = Debug|Any CPU
		{6DAE4A2C-A411-48FB-9346-F95871659EFE}.Release|Any CPU.ActiveCfg = Release|Any CPU
		{6DAE4A2C-A411-48FB-9346-F95871659EFE}.Release|Any CPU.Build.0 = Release|Any CPU
		{2E0D1C5B-E7BC-49DE-A251-A8B0487413AB}.Debug|Any CPU.ActiveCfg = Debug|Any CPU
		{2E0D1C5B-E7BC-49DE-A251-A8B0487413AB}.Debug|Any CPU.Build.0 = Debug|Any CPU
		{2E0D1C5B-E7BC-49DE-A251-A8B0487413AB}.Release|Any CPU.ActiveCfg = Release|Any CPU
		{2E0D1C5B-E7BC-49DE-A251-A8B0487413AB}.Release|Any CPU.Build.0 = Release|Any CPU
		{B48F4E46-DF66-425A-8D44-A296BB4A0F28}.Debug|Any CPU.ActiveCfg = Debug|Any CPU
		{B48F4E46-DF66-425A-8D44-A296BB4A0F28}.Debug|Any CPU.Build.0 = Debug|Any CPU
		{B48F4E46-DF66-425A-8D44-A296BB4A0F28}.Release|Any CPU.ActiveCfg = Release|Any CPU
		{B48F4E46-DF66-425A-8D44-A296BB4A0F28}.Release|Any CPU.Build.0 = Release|Any CPU
		{00768907-E025-4074-ACD4-ECB2B542293F}.Debug|Any CPU.ActiveCfg = Debug|Any CPU
		{00768907-E025-4074-ACD4-ECB2B542293F}.Debug|Any CPU.Build.0 = Debug|Any CPU
		{00768907-E025-4074-ACD4-ECB2B542293F}.Release|Any CPU.ActiveCfg = Release|Any CPU
		{00768907-E025-4074-ACD4-ECB2B542293F}.Release|Any CPU.Build.0 = Release|Any CPU
		{9BAF815F-3109-4A0C-A26E-A22498009C2F}.Debug|Any CPU.ActiveCfg = Debug|Any CPU
		{9BAF815F-3109-4A0C-A26E-A22498009C2F}.Debug|Any CPU.Build.0 = Debug|Any CPU
		{9BAF815F-3109-4A0C-A26E-A22498009C2F}.Release|Any CPU.ActiveCfg = Release|Any CPU
		{9BAF815F-3109-4A0C-A26E-A22498009C2F}.Release|Any CPU.Build.0 = Release|Any CPU
		{C90D511D-8ED9-46F3-80E0-A008F1A717B2}.Debug|Any CPU.ActiveCfg = Debug|Any CPU
		{C90D511D-8ED9-46F3-80E0-A008F1A717B2}.Debug|Any CPU.Build.0 = Debug|Any CPU
		{C90D511D-8ED9-46F3-80E0-A008F1A717B2}.Release|Any CPU.ActiveCfg = Release|Any CPU
		{C90D511D-8ED9-46F3-80E0-A008F1A717B2}.Release|Any CPU.Build.0 = Release|Any CPU
		{6CB23582-887D-43E3-A67D-496256552B72}.Debug|Any CPU.ActiveCfg = Debug|Any CPU
		{6CB23582-887D-43E3-A67D-496256552B72}.Debug|Any CPU.Build.0 = Debug|Any CPU
		{6CB23582-887D-43E3-A67D-496256552B72}.Release|Any CPU.ActiveCfg = Release|Any CPU
		{6CB23582-887D-43E3-A67D-496256552B72}.Release|Any CPU.Build.0 = Release|Any CPU
	EndGlobalSection
	GlobalSection(SolutionProperties) = preSolution
		HideSolutionNode = FALSE
	EndGlobalSection
	GlobalSection(NestedProjects) = preSolution
		{54B78B4D-6059-439B-86BB-69B8E61C0A44} = {C6B49B4C-FEB2-477D-986D-F2216E34BA9C}
		{277271A3-95DF-4395-B4DB-F9165DEBF665} = {C6B49B4C-FEB2-477D-986D-F2216E34BA9C}
		{72A19AF5-CC55-43E7-866B-BECD115E1BAB} = {C6B49B4C-FEB2-477D-986D-F2216E34BA9C}
		{D1A66847-CCC9-42B8-8561-F56193713779} = {47AFCF7A-6593-4310-9130-9B4B9C76E3C6}
		{E3F83E45-C17E-4650-B183-84DC49694313} = {C6B49B4C-FEB2-477D-986D-F2216E34BA9C}
		{25AC206E-A875-4BBB-91CD-E251035A352E} = {47AFCF7A-6593-4310-9130-9B4B9C76E3C6}
		{DB062599-617E-4602-902B-E6009025F12E} = {C6B49B4C-FEB2-477D-986D-F2216E34BA9C}
		{6DAE4A2C-A411-48FB-9346-F95871659EFE} = {47AFCF7A-6593-4310-9130-9B4B9C76E3C6}
		{2E0D1C5B-E7BC-49DE-A251-A8B0487413AB} = {C6B49B4C-FEB2-477D-986D-F2216E34BA9C}
		{B48F4E46-DF66-425A-8D44-A296BB4A0F28} = {47AFCF7A-6593-4310-9130-9B4B9C76E3C6}
		{00768907-E025-4074-ACD4-ECB2B542293F} = {C6B49B4C-FEB2-477D-986D-F2216E34BA9C}
		{9BAF815F-3109-4A0C-A26E-A22498009C2F} = {47AFCF7A-6593-4310-9130-9B4B9C76E3C6}
		{C90D511D-8ED9-46F3-80E0-A008F1A717B2} = {C6B49B4C-FEB2-477D-986D-F2216E34BA9C}
		{6CB23582-887D-43E3-A67D-496256552B72} = {C6B49B4C-FEB2-477D-986D-F2216E34BA9C}
	EndGlobalSection
	GlobalSection(ExtensibilityGlobals) = postSolution
		SolutionGuid = {2AA9BAB4-9C10-43E7-8722-DEBB04D9924A}
	EndGlobalSection
EndGlobal
